{
    "name": "alscan-js",
    "version": "0.5.0",
    "lockfileVersion": 3,
    "requires": true,
    "packages": {
        "": {
            "name": "alscan-js",
            "version": "0.5.0",
            "license": "Apache-2.0",
            "dependencies": {
                "@commander-js/extra-typings": "^14.0.0",
                "@tsconfig/node22": "^22.0.2",
                "@tsconfig/strictest": "^2.0.5",
                "@types/js-yaml": "^4.0.9",
                "@types/node": "^22.15.30",
                "commander": "^14.0.0",
                "js-yaml": "4.1.0",
                "sort-on": "^6.1.0",
                "typescript": "^5.9.2"
            },
            "bin": {
                "alscan": "bin/alscan-cli.js",
                "alscan-js": "bin/alscan-cli.js"
            },
            "devDependencies": {
                "@tsconfig/node-ts": "^23.6.1"
            },
            "engines": {
                "node": ">= 22.0"
            }
        },
        "node_modules/@commander-js/extra-typings": {
            "version": "14.0.0",
            "resolved": "https://registry.npmjs.org/@commander-js/extra-typings/-/extra-typings-14.0.0.tgz",
            "integrity": "sha512-hIn0ncNaJRLkZrxBIp5AsW/eXEHNKYQBh0aPdoUqNgD+Io3NIykQqpKFyKcuasZhicGaEZJX/JBSIkZ4e5x8Dg==",
            "license": "MIT",
            "peerDependencies": {
                "commander": "~14.0.0"
            }
        },
        "node_modules/@tsconfig/node-ts": {
            "version": "23.6.1",
            "resolved": "https://registry.npmjs.org/@tsconfig/node-ts/-/node-ts-23.6.1.tgz",
            "integrity": "sha512-1E5cUp+S65pLKKI9VrGMQPWDHxOEq3dAGM2onG3fLeSRwWbylYFwhIjnzJikjSN7w2nCgwxmv8ifvUKDFkK38Q==",
            "dev": true,
            "license": "MIT"
        },
        "node_modules/@tsconfig/node22": {
            "version": "22.0.2",
            "resolved": "https://registry.npmjs.org/@tsconfig/node22/-/node22-22.0.2.tgz",
            "integrity": "sha512-Kmwj4u8sDRDrMYRoN9FDEcXD8UpBSaPQQ24Gz+Gamqfm7xxn+GBR7ge/Z7pK8OXNGyUzbSwJj+TH6B+DS/epyA==",
            "license": "MIT"
        },
        "node_modules/@tsconfig/strictest": {
            "version": "2.0.5",
            "resolved": "https://registry.npmjs.org/@tsconfig/strictest/-/strictest-2.0.5.tgz",
            "integrity": "sha512-ec4tjL2Rr0pkZ5hww65c+EEPYwxOi4Ryv+0MtjeaSQRJyq322Q27eOQiFbuNgw2hpL4hB1/W/HBGk3VKS43osg==",
            "license": "MIT"
        },
        "node_modules/@types/js-yaml": {
            "version": "4.0.9",
            "resolved": "https://registry.npmjs.org/@types/js-yaml/-/js-yaml-4.0.9.tgz",
            "integrity": "sha512-k4MGaQl5TGo/iipqb2UDG2UwjXziSWkh0uysQelTlJpX1qGlpUZYm8PnO4DxG1qBomtJUdYJ6qR6xdIah10JLg==",
            "license": "MIT"
        },
        "node_modules/@types/node": {
            "version": "22.17.2",
            "resolved": "https://registry.npmjs.org/@types/node/-/node-22.17.2.tgz",
            "integrity": "sha512-gL6z5N9Jm9mhY+U2KXZpteb+09zyffliRkZyZOHODGATyC5B1Jt/7TzuuiLkFsSUMLbS1OLmlj/E+/3KF4Q/4w==",
            "license": "MIT",
            "dependencies": {
                "undici-types": "~6.21.0"
            }
        },
        "node_modules/argparse": {
            "version": "2.0.1",
            "resolved": "https://registry.npmjs.org/argparse/-/argparse-2.0.1.tgz",
            "integrity": "sha512-8+9WqebbFzpX9OR+Wa6O29asIogeRMzcGtAINdpMHHyAg10f05aSFVBbcEqGf/PXw1EjAZ+q2/bEBg3DvurK3Q=="
        },
        "node_modules/commander": {
            "version": "14.0.0",
            "resolved": "https://registry.npmjs.org/commander/-/commander-14.0.0.tgz",
            "integrity": "sha512-2uM9rYjPvyq39NwLRqaiLtWHyDC1FvryJDa2ATTVims5YAS4PupsEQsDvP14FqhFr0P49CYDugi59xaxJlTXRA==",
            "license": "MIT",
            "engines": {
                "node": ">=20"
            }
        },
        "node_modules/dot-prop": {
            "version": "9.0.0",
            "resolved": "https://registry.npmjs.org/dot-prop/-/dot-prop-9.0.0.tgz",
            "integrity": "sha512-1gxPBJpI/pcjQhKgIU91II6Wkay+dLcN3M6rf2uwP8hRur3HtQXjVrdAK3sjC0piaEuxzMwjXChcETiJl47lAQ==",
            "license": "MIT",
            "dependencies": {
                "type-fest": "^4.18.2"
            },
            "engines": {
                "node": ">=18"
            },
            "funding": {
                "url": "https://github.com/sponsors/sindresorhus"
            }
        },
        "node_modules/js-yaml": {
            "version": "4.1.0",
            "resolved": "https://registry.npmjs.org/js-yaml/-/js-yaml-4.1.0.tgz",
            "integrity": "sha512-wpxZs9NoxZaJESJGIZTyDEaYpl0FKSA+FB9aJiyemKhMwkxQg63h4T1KJgUGHpTqPDNRcmmYLugrRjJlBtWvRA==",
            "dependencies": {
                "argparse": "^2.0.1"
            },
            "bin": {
                "js-yaml": "bin/js-yaml.js"
            }
        },
        "node_modules/sort-on": {
            "version": "6.1.0",
            "resolved": "https://registry.npmjs.org/sort-on/-/sort-on-6.1.0.tgz",
            "integrity": "sha512-WTECP0nYNWO1n2g5bpsV0yZN9cBmZsF8ThHFbOqVN0HBFRoaQZLLEMvMmJlKHNPYQeVngeI5+jJzIfFqOIo1OA==",
            "license": "MIT",
            "dependencies": {
                "dot-prop": "^9.0.0"
            },
            "engines": {
                "node": ">=18"
            },
            "funding": {
                "url": "https://github.com/sponsors/sindresorhus"
            }
        },
        "node_modules/type-fest": {
            "version": "4.41.0",
            "resolved": "https://registry.npmjs.org/type-fest/-/type-fest-4.41.0.tgz",
            "integrity": "sha512-TeTSQ6H5YHvpqVwBRcnLDCBnDOHWYu7IvGbHT6N8AOymcr9PJGjc1GTtiWZTYg0NCgYwvnYWEkVChQAr9bjfwA==",
            "license": "(MIT OR CC0-1.0)",
            "engines": {
                "node": ">=16"
            },
            "funding": {
                "url": "https://github.com/sponsors/sindresorhus"
            }
        },
        "node_modules/typescript": {
            "version": "5.9.2",
            "resolved": "https://registry.npmjs.org/typescript/-/typescript-5.9.2.tgz",
            "integrity": "sha512-CWBzXQrc/qOkhidw1OzBTQuYRbfyxDXJMVJ1XNwUHGROVmuaeiEm3OslpZ1RV96d7SKKjZKrSJu3+t/xlw3R9A==",
            "license": "Apache-2.0",
            "bin": {
                "tsc": "bin/tsc",
                "tsserver": "bin/tsserver"
            },
            "engines": {
                "node": ">=14.17"
            }
        },
        "node_modules/undici-types": {
            "version": "6.21.0",
            "resolved": "https://registry.npmjs.org/undici-types/-/undici-types-6.21.0.tgz",
            "integrity": "sha512-iwDZqg0QAGrg9Rav5H4n0M64c3mkR59cJ6wQp+7C4nI0gsmExaedaYLNO44eT4AtBBwjbTiGPMlt2Md0T9H9JQ==",
            "license": "MIT"
        }
    }
}
